// !$*UTF8*$!
{
	archiveVersion = 1;
	classes = {
	};
	objectVersion = 50;
	objects = {

/* Begin PBXBuildFile section */
		EA5F99AC2131A9F700F6B865 /* Unity3D_BLENativePeripheral.m in Sources */ = {isa = PBXBuildFile; fileRef = EA7A234E2120027A00C101CB /* Unity3D_BLENativePeripheral.m */; };
		EA5F99AD2131A9F700F6B865 /* Unity3D_BLENativeManager.m in Sources */ = {isa = PBXBuildFile; fileRef = EA69A746211ADF2A0095FEFA /* Unity3D_BLENativeManager.m */; };
		EA5F99AE2131A9F700F6B865 /* Plugin_Test.m in Sources */ = {isa = PBXBuildFile; fileRef = EA5F99A92131A39400F6B865 /* Plugin_Test.m */; };
		EA5F99AF2131AA1F00F6B865 /* CoreBluetooth.framework in Frameworks */ = {isa = PBXBuildFile; fileRef = EA69A749211AFA440095FEFA /* CoreBluetooth.framework */; };
		EA69A747211ADF2A0095FEFA /* Unity3D_BLENativeManager.m in Sources */ = {isa = PBXBuildFile; fileRef = EA69A746211ADF2A0095FEFA /* Unity3D_BLENativeManager.m */; };
		EA69A74A211AFA440095FEFA /* CoreBluetooth.framework in Frameworks */ = {isa = PBXBuildFile; fileRef = EA69A749211AFA440095FEFA /* CoreBluetooth.framework */; };
		EA7A234F2120027A00C101CB /* Unity3D_BLENativePeripheral.m in Sources */ = {isa = PBXBuildFile; fileRef = EA7A234E2120027A00C101CB /* Unity3D_BLENativePeripheral.m */; };
/* End PBXBuildFile section */

/* Begin PBXCopyFilesBuildPhase section */
		EA5F99A02131A35000F6B865 /* CopyFiles */ = {
			isa = PBXCopyFilesBuildPhase;
			buildActionMask = 2147483647;
			dstPath = /usr/share/man/man1/;
			dstSubfolderSpec = 0;
			files = (
			);
			runOnlyForDeploymentPostprocessing = 1;
		};
/* End PBXCopyFilesBuildPhase section */

/* Begin PBXFileReference section */
		EA5F99A22131A35000F6B865 /* Unity3D_BLE_test */ = {isa = PBXFileReference; explicitFileType = "compiled.mach-o.executable"; includeInIndex = 0; path = Unity3D_BLE_test; sourceTree = BUILT_PRODUCTS_DIR; };
		EA5F99A92131A39400F6B865 /* Plugin_Test.m */ = {isa = PBXFileReference; fileEncoding = 4; lastKnownFileType = sourcecode.c.objc; path = Plugin_Test.m; sourceTree = SOURCE_ROOT; };
		EA69A73C211ADE900095FEFA /* Unity3D_BLE.bundle */ = {isa = PBXFileReference; explicitFileType = wrapper.cfbundle; includeInIndex = 0; path = Unity3D_BLE.bundle; sourceTree = BUILT_PRODUCTS_DIR; };
		EA69A73F211ADE900095FEFA /* Info.plist */ = {isa = PBXFileReference; lastKnownFileType = text.plist.xml; path = Info.plist; sourceTree = "<group>"; };
		EA69A745211ADF2A0095FEFA /* Unity3D_BLENativeManager.h */ = {isa = PBXFileReference; lastKnownFileType = sourcecode.c.h; path = Unity3D_BLENativeManager.h; sourceTree = "<group>"; };
		EA69A746211ADF2A0095FEFA /* Unity3D_BLENativeManager.m */ = {isa = PBXFileReference; lastKnownFileType = sourcecode.c.objc; path = Unity3D_BLENativeManager.m; sourceTree = "<group>"; };
		EA69A749211AFA440095FEFA /* CoreBluetooth.framework */ = {isa = PBXFileReference; lastKnownFileType = wrapper.framework; name = CoreBluetooth.framework; path = System/Library/Frameworks/CoreBluetooth.framework; sourceTree = SDKROOT; };
		EA7A234D2120027A00C101CB /* Unity3D_BLENativePeripheral.h */ = {isa = PBXFileReference; lastKnownFileType = sourcecode.c.h; path = Unity3D_BLENativePeripheral.h; sourceTree = "<group>"; };
		EA7A234E2120027A00C101CB /* Unity3D_BLENativePeripheral.m */ = {isa = PBXFileReference; lastKnownFileType = sourcecode.c.objc; path = Unity3D_BLENativePeripheral.m; sourceTree = "<group>"; };
/* End PBXFileReference section */

/* Begin PBXFrameworksBuildPhase section */
		EA5F999F2131A35000F6B865 /* Frameworks */ = {
			isa = PBXFrameworksBuildPhase;
			buildActionMask = 2147483647;
			files = (
				EA5F99AF2131AA1F00F6B865 /* CoreBluetooth.framework in Frameworks */,
			);
			runOnlyForDeploymentPostprocessing = 0;
		};
		EA69A739211ADE900095FEFA /* Frameworks */ = {
			isa = PBXFrameworksBuildPhase;
			buildActionMask = 2147483647;
			files = (
				EA69A74A211AFA440095FEFA /* CoreBluetooth.framework in Frameworks */,
			);
			runOnlyForDeploymentPostprocessing = 0;
		};
/* End PBXFrameworksBuildPhase section */

/* Begin PBXGroup section */
		EA69A733211ADE900095FEFA = {
			isa = PBXGroup;
			children = (
				EA7A234D2120027A00C101CB /* Unity3D_BLENativePeripheral.h */,
				EA7A234E2120027A00C101CB /* Unity3D_BLENativePeripheral.m */,
				EA69A745211ADF2A0095FEFA /* Unity3D_BLENativeManager.h */,
				EA69A746211ADF2A0095FEFA /* Unity3D_BLENativeManager.m */,
				EA69A73F211ADE900095FEFA /* Info.plist */,
				EA5F99A92131A39400F6B865 /* Plugin_Test.m */,
				EA69A73D211ADE900095FEFA /* Products */,
				EA69A748211AFA430095FEFA /* Frameworks */,
			);
			sourceTree = "<group>";
		};
		EA69A73D211ADE900095FEFA /* Products */ = {
			isa = PBXGroup;
			children = (
				EA69A73C211ADE900095FEFA /* Unity3D_BLE.bundle */,
				EA5F99A22131A35000F6B865 /* Unity3D_BLE_test */,
			);
			name = Products;
			sourceTree = "<group>";
		};
		EA69A748211AFA430095FEFA /* Frameworks */ = {
			isa = PBXGroup;
			children = (
				EA69A749211AFA440095FEFA /* CoreBluetooth.framework */,
			);
			name = Frameworks;
			sourceTree = "<group>";
		};
/* End PBXGroup section */

/* Begin PBXNativeTarget section */
		EA5F99A12131A35000F6B865 /* Unity3D_BLE_test */ = {
			isa = PBXNativeTarget;
			buildConfigurationList = EA5F99A82131A35000F6B865 /* Build configuration list for PBXNativeTarget "Unity3D_BLE_test" */;
			buildPhases = (
				EA5F999E2131A35000F6B865 /* Sources */,
				EA5F999F2131A35000F6B865 /* Frameworks */,
				EA5F99A02131A35000F6B865 /* CopyFiles */,
			);
			buildRules = (
			);
			dependencies = (
			);
			name = Unity3D_BLE_test;
			productName = Unity3D_BLE_test;
			productReference = EA5F99A22131A35000F6B865 /* Unity3D_BLE_test */;
			productType = "com.apple.product-type.tool";
		};
		EA69A73B211ADE900095FEFA /* Unity3D_BLE */ = {
			isa = PBXNativeTarget;
			buildConfigurationList = EA69A742211ADE900095FEFA /* Build configuration list for PBXNativeTarget "Unity3D_BLE" */;
			buildPhases = (
				EA69A738211ADE900095FEFA /* Sources */,
				EA69A739211ADE900095FEFA /* Frameworks */,
				EA69A73A211ADE900095FEFA /* Resources */,
			);
			buildRules = (
			);
			dependencies = (
			);
			name = Unity3D_BLE;
			productName = Unity3D_BLE;
			productReference = EA69A73C211ADE900095FEFA /* Unity3D_BLE.bundle */;
			productType = "com.apple.product-type.bundle";
		};
/* End PBXNativeTarget section */

/* Begin PBXProject section */
		EA69A734211ADE900095FEFA /* Project object */ = {
			isa = PBXProject;
			attributes = {
				LastUpgradeCheck = 0940;
				ORGANIZATIONNAME = "Aalto University NEPPI Course";
				TargetAttributes = {
					EA5F99A12131A35000F6B865 = {
						CreatedOnToolsVersion = 9.4.1;
					};
					EA69A73B211ADE900095FEFA = {
						CreatedOnToolsVersion = 9.4.1;
					};
				};
			};
			buildConfigurationList = EA69A737211ADE900095FEFA /* Build configuration list for PBXProject "Unity3D_BLE" */;
			compatibilityVersion = "Xcode 9.3";
			developmentRegion = en;
			hasScannedForEncodings = 0;
			knownRegions = (
				en,
			);
			mainGroup = EA69A733211ADE900095FEFA;
			productRefGroup = EA69A73D211ADE900095FEFA /* Products */;
			projectDirPath = "";
			projectRoot = "";
			targets = (
				EA69A73B211ADE900095FEFA /* Unity3D_BLE */,
				EA5F99A12131A35000F6B865 /* Unity3D_BLE_test */,
			);
		};
/* End PBXProject section */

/* Begin PBXResourcesBuildPhase section */
		EA69A73A211ADE900095FEFA /* Resources */ = {
			isa = PBXResourcesBuildPhase;
			buildActionMask = 2147483647;
			files = (
			);
			runOnlyForDeploymentPostprocessing = 0;
		};
/* End PBXResourcesBuildPhase section */

/* Begin PBXSourcesBuildPhase section */
		EA5F999E2131A35000F6B865 /* Sources */ = {
			isa = PBXSourcesBuildPhase;
			buildActionMask = 2147483647;
			files = (
				EA5F99AC2131A9F700F6B865 /* Unity3D_BLENativePeripheral.m in Sources */,
				EA5F99AD2131A9F700F6B865 /* Unity3D_BLENativeManager.m in Sources */,
				EA5F99AE2131A9F700F6B865 /* Plugin_Test.m in Sources */,
			);
			runOnlyForDeploymentPostprocessing = 0;
		};
		EA69A738211ADE900095FEFA /* Sources */ = {
			isa = PBXSourcesBuildPhase;
			buildActionMask = 2147483647;
			files = (
				EA69A747211ADF2A0095FEFA /* Unity3D_BLENativeManager.m in Sources */,
				EA7A234F2120027A00C101CB /* Unity3D_BLENativePeripheral.m in Sources */,
			);
			runOnlyForDeploymentPostprocessing = 0;
		};
/* End PBXSourcesBuildPhase section */

/* Begin XCBuildConfiguration section */
		EA5F99A62131A35000F6B865 /* Debug */ = {
			isa = XCBuildConfiguration;
			buildSettings = {
				CLANG_ENABLE_OBJC_ARC = NO;
				CLANG_ENABLE_OBJC_WEAK = YES;
				CODE_SIGN_STYLE = Automatic;
				DEVELOPMENT_TEAM = DCRDC96BCR;
				DSTROOT = "$(PROJECT_DIR)";
				INSTALL_PATH = /.;
				PRODUCT_NAME = "$(TARGET_NAME)";
				STRIP_INSTALLED_PRODUCT = NO;
			};
			name = Debug;
		};
		EA5F99A72131A35000F6B865 /* Release */ = {
			isa = XCBuildConfiguration;
			buildSettings = {
				CLANG_ENABLE_OBJC_ARC = NO;
				CLANG_ENABLE_OBJC_WEAK = YES;
				CODE_SIGN_STYLE = Automatic;
				DEVELOPMENT_TEAM = DCRDC96BCR;
				DSTROOT = "$(PROJECT_DIR)";
				INSTALL_PATH = /.;
				PRODUCT_NAME = "$(TARGET_NAME)";
				STRIP_INSTALLED_PRODUCT = NO;
			};
			name = Release;
		};
		EA69A740211ADE900095FEFA /* Debug */ = {
			isa = XCBuildConfiguration;
			buildSettings = {
				ALWAYS_SEARCH_USER_PATHS = NO;
				CLANG_ANALYZER_NONNULL = YES;
				CLANG_ANALYZER_NUMBER_OBJECT_CONVERSION = YES_AGGRESSIVE;
				CLANG_CXX_LANGUAGE_STANDARD = "gnu++14";
				CLANG_CXX_LIBRARY = "libc++";
				CLANG_ENABLE_MODULES = YES;
				CLANG_ENABLE_OBJC_ARC = YES;
				CLANG_ENABLE_OBJC_WEAK = YES;
				CLANG_WARN_BLOCK_CAPTURE_AUTORELEASING = YES;
				CLANG_WARN_BOOL_CONVERSION = YES;
				CLANG_WARN_COMMA = YES;
				CLANG_WARN_CONSTANT_CONVERSION = YES;
				CLANG_WARN_DEPRECATED_OBJC_IMPLEMENTATIONS = YES;
				CLANG_WARN_DIRECT_OBJC_ISA_USAGE = YES_ERROR;
				CLANG_WARN_DOCUMENTATION_COMMENTS = YES;
				CLANG_WARN_EMPTY_BODY = YES;
				CLANG_WARN_ENUM_CONVERSION = YES;
				CLANG_WARN_INFINITE_RECURSION = YES;
				CLANG_WARN_INT_CONVERSION = YES;
				CLANG_WARN_NON_LITERAL_NULL_CONVERSION = YES;
				CLANG_WARN_OBJC_IMPLICIT_RETAIN_SELF = YES;
				CLANG_WARN_OBJC_LITERAL_CONVERSION = YES;
				CLANG_WARN_OBJC_ROOT_CLASS = YES_ERROR;
				CLANG_WARN_RANGE_LOOP_ANALYSIS = YES;
				CLANG_WARN_STRICT_PROTOTYPES = YES;
				CLANG_WARN_SUSPICIOUS_MOVE = YES;
				CLANG_WARN_UNGUARDED_AVAILABILITY = YES_AGGRESSIVE;
				CLANG_WARN_UNREACHABLE_CODE = YES;
				CLANG_WARN__DUPLICATE_METHOD_MATCH = YES;
				CODE_SIGN_IDENTITY = "Mac Developer";
				COPY_PHASE_STRIP = NO;
				DEBUG_INFORMATION_FORMAT = dwarf;
				ENABLE_STRICT_OBJC_MSGSEND = YES;
				ENABLE_TESTABILITY = YES;
				GCC_C_LANGUAGE_STANDARD = gnu11;
				GCC_DYNAMIC_NO_PIC = NO;
				GCC_NO_COMMON_BLOCKS = YES;
				GCC_OPTIMIZATION_LEVEL = 0;
				GCC_PREPROCESSOR_DEFINITIONS = (
					"DEBUG=1",
					"$(inherited)",
				);
				GCC_WARN_64_TO_32_BIT_CONVERSION = YES;
				GCC_WARN_ABOUT_RETURN_TYPE = YES_ERROR;
				GCC_WARN_UNDECLARED_SELECTOR = YES;
				GCC_WARN_UNINITIALIZED_AUTOS = YES_AGGRESSIVE;
				GCC_WARN_UNUSED_FUNCTION = YES;
				GCC_WARN_UNUSED_VARIABLE = YES;
				MACOSX_DEPLOYMENT_TARGET = 10.13;
				MTL_ENABLE_DEBUG_INFO = YES;
				ONLY_ACTIVE_ARCH = YES;
				SDKROOT = macosx;
			};
			name = Debug;
		};
		EA69A741211ADE900095FEFA /* Release */ = {
			isa = XCBuildConfiguration;
			buildSettings = {
				ALWAYS_SEARCH_USER_PATHS = NO;
				CLANG_ANALYZER_NONNULL = YES;
				CLANG_ANALYZER_NUMBER_OBJECT_CONVERSION = YES_AGGRESSIVE;
				CLANG_CXX_LANGUAGE_STANDARD = "gnu++14";
				CLANG_CXX_LIBRARY = "libc++";
				CLANG_ENABLE_MODULES = YES;
				CLANG_ENABLE_OBJC_ARC = YES;
				CLANG_ENABLE_OBJC_WEAK = YES;
				CLANG_WARN_BLOCK_CAPTURE_AUTORELEASING = YES;
				CLANG_WARN_BOOL_CONVERSION = YES;
				CLANG_WARN_COMMA = YES;
				CLANG_WARN_CONSTANT_CONVERSION = YES;
				CLANG_WARN_DEPRECATED_OBJC_IMPLEMENTATIONS = YES;
				CLANG_WARN_DIRECT_OBJC_ISA_USAGE = YES_ERROR;
				CLANG_WARN_DOCUMENTATION_COMMENTS = YES;
				CLANG_WARN_EMPTY_BODY = YES;
				CLANG_WARN_ENUM_CONVERSION = YES;
				CLANG_WARN_INFINITE_RECURSION = YES;
				CLANG_WARN_INT_CONVERSION = YES;
				CLANG_WARN_NON_LITERAL_NULL_CONVERSION = YES;
				CLANG_WARN_OBJC_IMPLICIT_RETAIN_SELF = YES;
				CLANG_WARN_OBJC_LITERAL_CONVERSION = YES;
				CLANG_WARN_OBJC_ROOT_CLASS = YES_ERROR;
				CLANG_WARN_RANGE_LOOP_ANALYSIS = YES;
				CLANG_WARN_STRICT_PROTOTYPES = YES;
				CLANG_WARN_SUSPICIOUS_MOVE = YES;
				CLANG_WARN_UNGUARDED_AVAILABILITY = YES_AGGRESSIVE;
				CLANG_WARN_UNREACHABLE_CODE = YES;
				CLANG_WARN__DUPLICATE_METHOD_MATCH = YES;
				CODE_SIGN_IDENTITY = "Mac Developer";
				COPY_PHASE_STRIP = NO;
				DEBUG_INFORMATION_FORMAT = "dwarf-with-dsym";
				ENABLE_NS_ASSERTIONS = NO;
				ENABLE_STRICT_OBJC_MSGSEND = YES;
				GCC_C_LANGUAGE_STANDARD = gnu11;
				GCC_NO_COMMON_BLOCKS = YES;
				GCC_WARN_64_TO_32_BIT_CONVERSION = YES;
				GCC_WARN_ABOUT_RETURN_TYPE = YES_ERROR;
				GCC_WARN_UNDECLARED_SELECTOR = YES;
				GCC_WARN_UNINITIALIZED_AUTOS = YES_AGGRESSIVE;
				GCC_WARN_UNUSED_FUNCTION = YES;
				GCC_WARN_UNUSED_VARIABLE = YES;
				MACOSX_DEPLOYMENT_TARGET = 10.13;
				MTL_ENABLE_DEBUG_INFO = NO;
				SDKROOT = macosx;
			};
			name = Release;
		};
		EA69A743211ADE900095FEFA /* Debug */ = {
			isa = XCBuildConfiguration;
			buildSettings = {
				CLANG_ENABLE_OBJC_ARC = NO;
				CLANG_ENABLE_OBJC_WEAK = YES;
				CODE_SIGN_STYLE = Automatic;
				COMBINE_HIDPI_IMAGES = YES;
				DEPLOYMENT_LOCATION = YES;
				DEPLOYMENT_POSTPROCESSING = YES;
				DEVELOPMENT_TEAM = DCRDC96BCR;
				DSTROOT = "$(PROJECT_DIR)";
				INFOPLIST_FILE = Info.plist;
				INSTALL_PATH = /Assets/Plugins;
				MACOSX_DEPLOYMENT_TARGET = 10.13;
				PRODUCT_BUNDLE_IDENTIFIER = "fi.aalto.neppi.Unity3D-BLE";
				PRODUCT_NAME = "$(TARGET_NAME)";
				SKIP_INSTALL = NO;
				STRIP_INSTALLED_PRODUCT = NO;
				WRAPPER_EXTENSION = bundle;
			};
			name = Debug;
		};
		EA69A744211ADE900095FEFA /* Release */ = {
			isa = XCBuildConfiguration;
			buildSettings = {
				CLANG_ENABLE_OBJC_ARC = NO;
				CLANG_ENABLE_OBJC_WEAK = YES;
				CODE_SIGN_STYLE = Automatic;
				COMBINE_HIDPI_IMAGES = YES;
				DEPLOYMENT_LOCATION = YES;
				DEPLOYMENT_POSTPROCESSING = YES;
				DEVELOPMENT_TEAM = DCRDC96BCR;
				DSTROOT = "$(PROJECT_DIR)";
				INFOPLIST_FILE = Info.plist;
				INSTALL_PATH = /Assets/Plugins;
				MACOSX_DEPLOYMENT_TARGET = 10.13;
				PRODUCT_BUNDLE_IDENTIFIER = "fi.aalto.neppi.Unity3D-BLE";
				PRODUCT_NAME = "$(TARGET_NAME)";
				SKIP_INSTALL = NO;
				STRIP_INSTALLED_PRODUCT = NO;
				WRAPPER_EXTENSION = bundle;
			};
			name = Release;
		};
/* End XCBuildConfiguration section */

/* Begin XCConfigurationList section */
		EA5F99A82131A35000F6B865 /* Build configuration list for PBXNativeTarget "Unity3D_BLE_test" */ = {
			isa = XCConfigurationList;
			buildConfigurations = (
				EA5F99A62131A35000F6B865 /* Debug */,
				EA5F99A72131A35000F6B865 /* Release */,
			);
			defaultConfigurationIsVisible = 0;
			defaultConfigurationName = Release;
		};
		EA69A737211ADE900095FEFA /* Build configuration list for PBXProject "Unity3D_BLE" */ = {
			isa = XCConfigurationList;
			buildConfigurations = (
				EA69A740211ADE900095FEFA /* Debug */,
				EA69A741211ADE900095FEFA /* Release */,
			);
			defaultConfigurationIsVisible = 0;
			defaultConfigurationName = Release;
		};
		EA69A742211ADE900095FEFA /* Build configuration list for PBXNativeTarget "Unity3D_BLE" */ = {
			isa = XCConfigurationList;
			buildConfigurations = (
				EA69A743211ADE900095FEFA /* Debug */,
				EA69A744211ADE900095FEFA /* Release */,
			);
			defaultConfigurationIsVisible = 0;
			defaultConfigurationName = Release;
		};
/* End XCConfigurationList section */
	};
	rootObject = EA69A734211ADE900095FEFA /* Project object */;
}
